
Microsoft Visual Studio Solution File, Format Version 12.00
# Visual Studio 2013
VisualStudioVersion = 12.0.21005.1
MinimumVisualStudioVersion = 10.0.40219.1
Project("{FAE04EC0-301F-11D3-BF4B-00C04F79EFBC}") = "appFerreteria", "appFerreteria\appFerreteria.csproj", "{33C7E2C6-0140-4D3B-8E13-29C5CDEBC7FE}"
EndProject
Global
	GlobalSection(SolutionConfigurationPlatforms) = preSolution
		Debug|Any CPU = Debug|Any CPU
		Release|Any CPU = Release|Any CPU
	EndGlobalSection
	GlobalSection(ProjectConfigurationPlatforms) = postSolution
		{33C7E2C6-0140-4D3B-8E13-29C5CDEBC7FE}.Debug|Any CPU.ActiveCfg = Debug|Any CPU
		{33C7E2C6-0140-4D3B-8E13-29C5CDEBC7FE}.Debug|Any CPU.Build.0 = Debug|Any CPU
		{33C7E2C6-0140-4D3B-8E13-29C5CDEBC7FE}.Release|Any CPU.ActiveCfg = Release|Any CPU
		{33C7E2C6-0140-4D3B-8E13-29C5CDEBC7FE}.Release|Any CPU.Build.0 = Release|Any CPU
	EndGlobalSection
	GlobalSection(SolutionProperties) = preSolution
		HideSolutionNode = FALSE
	EndGlobalSection
EndGlobal
